
Microsoft Visual Studio Solution File, Format Version 12.00
# Visual Studio 15
VisualStudioVersion = 15.0.27703.2042
MinimumVisualStudioVersion = 10.0.40219.1
Project("{FAE04EC0-301F-11D3-BF4B-00C04F79EFBC}") = "Lab_FileReadWrite", "Lab_FileReadWrite.csproj", "{EA3B1FD3-DBFE-490F-9073-7FE91A54B809}"
EndProject
Project("{FAE04EC0-301F-11D3-BF4B-00C04F79EFBC}") = "WebApp", "WebApp\WebApp.csproj", "{0CE22292-0C64-47B1-B03B-85C57CA07047}"
EndProject
Global
	GlobalSection(SolutionConfigurationPlatforms) = preSolution
		Debug|Any CPU = Debug|Any CPU
		Release|Any CPU = Release|Any CPU
	EndGlobalSection
	GlobalSection(ProjectConfigurationPlatforms) = postSolution
		{EA3B1FD3-DBFE-490F-9073-7FE91A54B809}.Debug|Any CPU.ActiveCfg = Debug|Any CPU
		{EA3B1FD3-DBFE-490F-9073-7FE91A54B809}.Debug|Any CPU.Build.0 = Debug|Any CPU
		{EA3B1FD3-DBFE-490F-9073-7FE91A54B809}.Release|Any CPU.ActiveCfg = Release|Any CPU
		{EA3B1FD3-DBFE-490F-9073-7FE91A54B809}.Release|Any CPU.Build.0 = Release|Any CPU
		{0CE22292-0C64-47B1-B03B-85C57CA07047}.Debug|Any CPU.ActiveCfg = Debug|Any CPU
		{0CE22292-0C64-47B1-B03B-85C57CA07047}.Debug|Any CPU.Build.0 = Debug|Any CPU
		{0CE22292-0C64-47B1-B03B-85C57CA07047}.Release|Any CPU.ActiveCfg = Release|Any CPU
		{0CE22292-0C64-47B1-B03B-85C57CA07047}.Release|Any CPU.Build.0 = Release|Any CPU
	EndGlobalSection
	GlobalSection(SolutionProperties) = preSolution
		HideSolutionNode = FALSE
	EndGlobalSection
	GlobalSection(ExtensibilityGlobals) = postSolution
		SolutionGuid = {AEB97ED0-719C-4240-897D-6BB2EE5568C8}
	EndGlobalSection
EndGlobal
