
Microsoft Visual Studio Solution File, Format Version 12.00
# Visual Studio 15
VisualStudioVersion = 15.0.27703.2042
MinimumVisualStudioVersion = 10.0.40219.1
Project("{FAE04EC0-301F-11D3-BF4B-00C04F79EFBC}") = "WebApplication1", "WebApplication1\WebApplication1.csproj", "{AF6BD533-AD34-412B-A3AC-79628A22607A}"
EndProject
Global
	GlobalSection(SolutionConfigurationPlatforms) = preSolution
		Debug|Any CPU = Debug|Any CPU
		Release|Any CPU = Release|Any CPU
	EndGlobalSection
	GlobalSection(ProjectConfigurationPlatforms) = postSolution
		{AF6BD533-AD34-412B-A3AC-79628A22607A}.Debug|Any CPU.ActiveCfg = Debug|Any CPU
		{AF6BD533-AD34-412B-A3AC-79628A22607A}.Debug|Any CPU.Build.0 = Debug|Any CPU
		{AF6BD533-AD34-412B-A3AC-79628A22607A}.Release|Any CPU.ActiveCfg = Release|Any CPU
		{AF6BD533-AD34-412B-A3AC-79628A22607A}.Release|Any CPU.Build.0 = Release|Any CPU
	EndGlobalSection
	GlobalSection(SolutionProperties) = preSolution
		HideSolutionNode = FALSE
	EndGlobalSection
	GlobalSection(ExtensibilityGlobals) = postSolution
		SolutionGuid = {802B1F84-8BA9-4BE9-BD97-8ABB8641F660}
	EndGlobalSection
EndGlobal
