
Microsoft Visual Studio Solution File, Format Version 12.00
# Visual Studio 15
VisualStudioVersion = 15.0.27703.2042
MinimumVisualStudioVersion = 10.0.40219.1
Project("{FAE04EC0-301F-11D3-BF4B-00C04F79EFBC}") = "SimpleFileWrite", "SimpleFileWrite.csproj", "{23CB4900-4270-406A-B1CB-915DC24BC541}"
EndProject
Global
	GlobalSection(SolutionConfigurationPlatforms) = preSolution
		Debug|Any CPU = Debug|Any CPU
		Release|Any CPU = Release|Any CPU
	EndGlobalSection
	GlobalSection(ProjectConfigurationPlatforms) = postSolution
		{23CB4900-4270-406A-B1CB-915DC24BC541}.Debug|Any CPU.ActiveCfg = Debug|Any CPU
		{23CB4900-4270-406A-B1CB-915DC24BC541}.Debug|Any CPU.Build.0 = Debug|Any CPU
		{23CB4900-4270-406A-B1CB-915DC24BC541}.Release|Any CPU.ActiveCfg = Release|Any CPU
		{23CB4900-4270-406A-B1CB-915DC24BC541}.Release|Any CPU.Build.0 = Release|Any CPU
	EndGlobalSection
	GlobalSection(SolutionProperties) = preSolution
		HideSolutionNode = FALSE
	EndGlobalSection
	GlobalSection(ExtensibilityGlobals) = postSolution
		SolutionGuid = {C7F2F896-93D2-4D35-BB8C-81DB83B10A28}
	EndGlobalSection
EndGlobal
